
Microsoft Visual Studio Solution File, Format Version 12.00
# Visual Studio Version 17
VisualStudioVersion = 17.4.33103.184
MinimumVisualStudioVersion = 10.0.40219.1
Project("{FAE04EC0-301F-11D3-BF4B-00C04F79EFBC}") = "ProductMicroserviceProject", "ProductMicroserviceProject\ProductMicroserviceProject.csproj", "{95777E99-FEDE-4874-80C9-2B1F65F0577C}"
EndProject
Project("{E53339B2-1760-4266-BCC7-CA923CBCF16C}") = "docker-compose", "docker-compose.dcproj", "{868A3A0C-CFD2-4146-B30A-22C87946D4BE}"
EndProject
Global
	GlobalSection(SolutionConfigurationPlatforms) = preSolution
		Debug|Any CPU = Debug|Any CPU
		Release|Any CPU = Release|Any CPU
	EndGlobalSection
	GlobalSection(ProjectConfigurationPlatforms) = postSolution
		{95777E99-FEDE-4874-80C9-2B1F65F0577C}.Debug|Any CPU.ActiveCfg = Debug|Any CPU
		{95777E99-FEDE-4874-80C9-2B1F65F0577C}.Debug|Any CPU.Build.0 = Debug|Any CPU
		{95777E99-FEDE-4874-80C9-2B1F65F0577C}.Release|Any CPU.ActiveCfg = Release|Any CPU
		{95777E99-FEDE-4874-80C9-2B1F65F0577C}.Release|Any CPU.Build.0 = Release|Any CPU
		{868A3A0C-CFD2-4146-B30A-22C87946D4BE}.Debug|Any CPU.ActiveCfg = Debug|Any CPU
		{868A3A0C-CFD2-4146-B30A-22C87946D4BE}.Debug|Any CPU.Build.0 = Debug|Any CPU
		{868A3A0C-CFD2-4146-B30A-22C87946D4BE}.Release|Any CPU.ActiveCfg = Release|Any CPU
		{868A3A0C-CFD2-4146-B30A-22C87946D4BE}.Release|Any CPU.Build.0 = Release|Any CPU
	EndGlobalSection
	GlobalSection(SolutionProperties) = preSolution
		HideSolutionNode = FALSE
	EndGlobalSection
	GlobalSection(ExtensibilityGlobals) = postSolution
		SolutionGuid = {D88F8608-BE7E-4C3D-876F-102512C84D52}
	EndGlobalSection
EndGlobal
